
Microsoft Visual Studio Solution File, Format Version 12.00
# Visual Studio Version 16
VisualStudioVersion = 16.0.29009.5
MinimumVisualStudioVersion = 10.0.40219.1
Project("{9A19103F-16F7-4668-BE54-9A1E7A4F7556}") = "Design patterns", "Design patterns.csproj", "{AA4DAE2B-4D0E-4839-AE17-D91125128C20}"
EndProject
Global
	GlobalSection(SolutionConfigurationPlatforms) = preSolution
		Debug|Any CPU = Debug|Any CPU
		Release|Any CPU = Release|Any CPU
	EndGlobalSection
	GlobalSection(ProjectConfigurationPlatforms) = postSolution
		{AA4DAE2B-4D0E-4839-AE17-D91125128C20}.Debug|Any CPU.ActiveCfg = Debug|Any CPU
		{AA4DAE2B-4D0E-4839-AE17-D91125128C20}.Debug|Any CPU.Build.0 = Debug|Any CPU
		{AA4DAE2B-4D0E-4839-AE17-D91125128C20}.Release|Any CPU.ActiveCfg = Release|Any CPU
		{AA4DAE2B-4D0E-4839-AE17-D91125128C20}.Release|Any CPU.Build.0 = Release|Any CPU
	EndGlobalSection
	GlobalSection(SolutionProperties) = preSolution
		HideSolutionNode = FALSE
	EndGlobalSection
	GlobalSection(ExtensibilityGlobals) = postSolution
		SolutionGuid = {A71A1583-5982-4339-BDBE-BA99100D3C86}
	EndGlobalSection
EndGlobal
